
Microsoft Visual Studio Solution File, Format Version 12.00
# Visual Studio Version 17
VisualStudioVersion = 17.4.33122.133
MinimumVisualStudioVersion = 10.0.40219.1
Project("{FAE04EC0-301F-11D3-BF4B-00C04F79EFBC}") = "PollyApiRetry", "PollyApiRetry\PollyApiRetry.csproj", "{FAC13BE7-51F8-420A-9A05-CB88D9ED4D85}"
EndProject
Global
	GlobalSection(SolutionConfigurationPlatforms) = preSolution
		Debug|Any CPU = Debug|Any CPU
		Release|Any CPU = Release|Any CPU
	EndGlobalSection
	GlobalSection(ProjectConfigurationPlatforms) = postSolution
		{FAC13BE7-51F8-420A-9A05-CB88D9ED4D85}.Debug|Any CPU.ActiveCfg = Debug|Any CPU
		{FAC13BE7-51F8-420A-9A05-CB88D9ED4D85}.Debug|Any CPU.Build.0 = Debug|Any CPU
		{FAC13BE7-51F8-420A-9A05-CB88D9ED4D85}.Release|Any CPU.ActiveCfg = Release|Any CPU
		{FAC13BE7-51F8-420A-9A05-CB88D9ED4D85}.Release|Any CPU.Build.0 = Release|Any CPU
	EndGlobalSection
	GlobalSection(SolutionProperties) = preSolution
		HideSolutionNode = FALSE
	EndGlobalSection
	GlobalSection(ExtensibilityGlobals) = postSolution
		SolutionGuid = {13CD554C-1D78-4AFC-80FD-CC3422F1892A}
	EndGlobalSection
EndGlobal
